// !$*UTF8*$!
{
	archiveVersion = 1;
	classes = {
	};
	objectVersion = 46;
	objects = {

/* Begin PBXBuildFile section */
		00CAAB9D1C9B1A3C0002DC71 /* main.m in Sources */ = {isa = PBXBuildFile; fileRef = 00CAAB9C1C9B1A3C0002DC71 /* main.m */; };
		00CAABA01C9B1A3C0002DC71 /* AppDelegate.m in Sources */ = {isa = PBXBuildFile; fileRef = 00CAAB9F1C9B1A3C0002DC71 /* AppDelegate.m */; };
		00CAABA61C9B1A3C0002DC71 /* Main.storyboard in Resources */ = {isa = PBXBuildFile; fileRef = 00CAABA41C9B1A3C0002DC71 /* Main.storyboard */; };
		00CAABA81C9B1A3C0002DC71 /* Assets.xcassets in Resources */ = {isa = PBXBuildFile; fileRef = 00CAABA71C9B1A3C0002DC71 /* Assets.xcassets */; };
		00CAABAB1C9B1A3C0002DC71 /* LaunchScreen.storyboard in Resources */ = {isa = PBXBuildFile; fileRef = 00CAABA91C9B1A3C0002DC71 /* LaunchScreen.storyboard */; };
		00CAABB41C9B1DF70002DC71 /* TableViewController.m in Sources */ = {isa = PBXBuildFile; fileRef = 00CAABB31C9B1DF70002DC71 /* TableViewController.m */; };
		00CAABBA1C9B2DF40002DC71 /* ResultTableViewController.m in Sources */ = {isa = PBXBuildFile; fileRef = 00CAABB91C9B2DF40002DC71 /* ResultTableViewController.m */; };
/* End PBXBuildFile section */

/* Begin PBXFileReference section */
		00CAAB981C9B1A3C0002DC71 /* UISearchBar.app */ = {isa = PBXFileReference; explicitFileType = wrapper.application; includeInIndex = 0; path = UISearchBar.app; sourceTree = BUILT_PRODUCTS_DIR; };
		00CAAB9C1C9B1A3C0002DC71 /* main.m */ = {isa = PBXFileReference; lastKnownFileType = sourcecode.c.objc; path = main.m; sourceTree = "<group>"; };
		00CAAB9E1C9B1A3C0002DC71 /* AppDelegate.h */ = {isa = PBXFileReference; lastKnownFileType = sourcecode.c.h; path = AppDelegate.h; sourceTree = "<group>"; };
		00CAAB9F1C9B1A3C0002DC71 /* AppDelegate.m */ = {isa = PBXFileReference; lastKnownFileType = sourcecode.c.objc; path = AppDelegate.m; sourceTree = "<group>"; };
		00CAABA51C9B1A3C0002DC71 /* Base */ = {isa = PBXFileReference; lastKnownFileType = file.storyboard; name = Base; path = Base.lproj/Main.storyboard; sourceTree = "<group>"; };
		00CAABA71C9B1A3C0002DC71 /* Assets.xcassets */ = {isa = PBXFileReference; lastKnownFileType = folder.assetcatalog; path = Assets.xcassets; sourceTree = "<group>"; };
		00CAABAA1C9B1A3C0002DC71 /* Base */ = {isa = PBXFileReference; lastKnownFileType = file.storyboard; name = Base; path = Base.lproj/LaunchScreen.storyboard; sourceTree = "<group>"; };
		00CAABAC1C9B1A3C0002DC71 /* Info.plist */ = {isa = PBXFileReference; lastKnownFileType = text.plist.xml; path = Info.plist; sourceTree = "<group>"; };
		00CAABB21C9B1DF70002DC71 /* TableViewController.h */ = {isa = PBXFileReference; fileEncoding = 4; lastKnownFileType = sourcecode.c.h; path = TableViewController.h; sourceTree = "<group>"; };
		00CAABB31C9B1DF70002DC71 /* TableViewController.m */ = {isa = PBXFileReference; fileEncoding = 4; lastKnownFileType = sourcecode.c.objc; path = TableViewController.m; sourceTree = "<group>"; };
		00CAABB81C9B2DF40002DC71 /* ResultTableViewController.h */ = {isa = PBXFileReference; fileEncoding = 4; lastKnownFileType = sourcecode.c.h; path = ResultTableViewController.h; sourceTree = "<group>"; };
		00CAABB91C9B2DF40002DC71 /* ResultTableViewController.m */ = {isa = PBXFileReference; fileEncoding = 4; lastKnownFileType = sourcecode.c.objc; path = ResultTableViewController.m; sourceTree = "<group>"; };
/* End PBXFileReference section */

/* Begin PBXFrameworksBuildPhase section */
		00CAAB951C9B1A3C0002DC71 /* Frameworks */ = {
			isa = PBXFrameworksBuildPhase;
			buildActionMask = 2147483647;
			files = (
			);
			runOnlyForDeploymentPostprocessing = 0;
		};
/* End PBXFrameworksBuildPhase section */

/* Begin PBXGroup section */
		00CAAB8F1C9B1A3C0002DC71 = {
			isa = PBXGroup;
			children = (
				00CAAB9A1C9B1A3C0002DC71 /* UISearchBar */,
				00CAAB991C9B1A3C0002DC71 /* Products */,
			);
			sourceTree = "<group>";
		};
		00CAAB991C9B1A3C0002DC71 /* Products */ = {
			isa = PBXGroup;
			children = (
				00CAAB981C9B1A3C0002DC71 /* UISearchBar.app */,
			);
			name = Products;
			sourceTree = "<group>";
		};
		00CAAB9A1C9B1A3C0002DC71 /* UISearchBar */ = {
			isa = PBXGroup;
			children = (
				00CAAB9E1C9B1A3C0002DC71 /* AppDelegate.h */,
				00CAAB9F1C9B1A3C0002DC71 /* AppDelegate.m */,
				00CAABB21C9B1DF70002DC71 /* TableViewController.h */,
				00CAABB31C9B1DF70002DC71 /* TableViewController.m */,
				00CAABB81C9B2DF40002DC71 /* ResultTableViewController.h */,
				00CAABB91C9B2DF40002DC71 /* ResultTableViewController.m */,
				00CAABA41C9B1A3C0002DC71 /* Main.storyboard */,
				00CAABA71C9B1A3C0002DC71 /* Assets.xcassets */,
				00CAABA91C9B1A3C0002DC71 /* LaunchScreen.storyboard */,
				00CAABAC1C9B1A3C0002DC71 /* Info.plist */,
				00CAAB9B1C9B1A3C0002DC71 /* Supporting Files */,
			);
			path = UISearchBar;
			sourceTree = "<group>";
		};
		00CAAB9B1C9B1A3C0002DC71 /* Supporting Files */ = {
			isa = PBXGroup;
			children = (
				00CAAB9C1C9B1A3C0002DC71 /* main.m */,
			);
			name = "Supporting Files";
			sourceTree = "<group>";
		};
/* End PBXGroup section */

/* Begin PBXNativeTarget section */
		00CAAB971C9B1A3C0002DC71 /* UISearchBar */ = {
			isa = PBXNativeTarget;
			buildConfigurationList = 00CAABAF1C9B1A3C0002DC71 /* Build configuration list for PBXNativeTarget "UISearchBar" */;
			buildPhases = (
				00CAAB941C9B1A3C0002DC71 /* Sources */,
				00CAAB951C9B1A3C0002DC71 /* Frameworks */,
				00CAAB961C9B1A3C0002DC71 /* Resources */,
			);
			buildRules = (
			);
			dependencies = (
			);
			name = UISearchBar;
			productName = UISearchBar;
			productReference = 00CAAB981C9B1A3C0002DC71 /* UISearchBar.app */;
			productType = "com.apple.product-type.application";
		};
/* End PBXNativeTarget section */

/* Begin PBXProject section */
		00CAAB901C9B1A3C0002DC71 /* Project object */ = {
			isa = PBXProject;
			attributes = {
				LastUpgradeCheck = 0720;
				ORGANIZATIONNAME = zuanshishang;
				TargetAttributes = {
					00CAAB971C9B1A3C0002DC71 = {
						CreatedOnToolsVersion = 7.2.1;
					};
				};
			};
			buildConfigurationList = 00CAAB931C9B1A3C0002DC71 /* Build configuration list for PBXProject "UISearchBar" */;
			compatibilityVersion = "Xcode 3.2";
			developmentRegion = English;
			hasScannedForEncodings = 0;
			knownRegions = (
				en,
				Base,
			);
			mainGroup = 00CAAB8F1C9B1A3C0002DC71;
			productRefGroup = 00CAAB991C9B1A3C0002DC71 /* Products */;
			projectDirPath = "";
			projectRoot = "";
			targets = (
				00CAAB971C9B1A3C0002DC71 /* UISearchBar */,
			);
		};
/* End PBXProject section */

/* Begin PBXResourcesBuildPhase section */
		00CAAB961C9B1A3C0002DC71 /* Resources */ = {
			isa = PBXResourcesBuildPhase;
			buildActionMask = 2147483647;
			files = (
				00CAABAB1C9B1A3C0002DC71 /* LaunchScreen.storyboard in Resources */,
				00CAABA81C9B1A3C0002DC71 /* Assets.xcassets in Resources */,
				00CAABA61C9B1A3C0002DC71 /* Main.storyboard in Resources */,
			);
			runOnlyForDeploymentPostprocessing = 0;
		};
/* End PBXResourcesBuildPhase section */

/* Begin PBXSourcesBuildPhase section */
		00CAAB941C9B1A3C0002DC71 /* Sources */ = {
			isa = PBXSourcesBuildPhase;
			buildActionMask = 2147483647;
			files = (
				00CAABBA1C9B2DF40002DC71 /* ResultTableViewController.m in Sources */,
				00CAABA01C9B1A3C0002DC71 /* AppDelegate.m in Sources */,
				00CAABB41C9B1DF70002DC71 /* TableViewController.m in Sources */,
				00CAAB9D1C9B1A3C0002DC71 /* main.m in Sources */,
			);
			runOnlyForDeploymentPostprocessing = 0;
		};
/* End PBXSourcesBuildPhase section */

/* Begin PBXVariantGroup section */
		00CAABA41C9B1A3C0002DC71 /* Main.storyboard */ = {
			isa = PBXVariantGroup;
			children = (
				00CAABA51C9B1A3C0002DC71 /* Base */,
			);
			name = Main.storyboard;
			sourceTree = "<group>";
		};
		00CAABA91C9B1A3C0002DC71 /* LaunchScreen.storyboard */ = {
			isa = PBXVariantGroup;
			children = (
				00CAABAA1C9B1A3C0002DC71 /* Base */,
			);
			name = LaunchScreen.storyboard;
			sourceTree = "<group>";
		};
/* End PBXVariantGroup section */

/* Begin XCBuildConfiguration section */
		00CAABAD1C9B1A3C0002DC71 /* Debug */ = {
			isa = XCBuildConfiguration;
			buildSettings = {
				ALWAYS_SEARCH_USER_PATHS = NO;
				CLANG_CXX_LANGUAGE_STANDARD = "gnu++0x";
				CLANG_CXX_LIBRARY = "libc++";
				CLANG_ENABLE_MODULES = YES;
				CLANG_ENABLE_OBJC_ARC = YES;
				CLANG_WARN_BOOL_CONVERSION = YES;
				CLANG_WARN_CONSTANT_CONVERSION = YES;
				CLANG_WARN_DIRECT_OBJC_ISA_USAGE = YES_ERROR;
				CLANG_WARN_EMPTY_BODY = YES;
				CLANG_WARN_ENUM_CONVERSION = YES;
				CLANG_WARN_INT_CONVERSION = YES;
				CLANG_WARN_OBJC_ROOT_CLASS = YES_ERROR;
				CLANG_WARN_UNREACHABLE_CODE = YES;
				CLANG_WARN__DUPLICATE_METHOD_MATCH = YES;
				"CODE_SIGN_IDENTITY[sdk=iphoneos*]" = "iPhone Developer";
				COPY_PHASE_STRIP = NO;
				DEBUG_INFORMATION_FORMAT = dwarf;
				ENABLE_STRICT_OBJC_MSGSEND = YES;
				ENABLE_TESTABILITY = YES;
				GCC_C_LANGUAGE_STANDARD = gnu99;
				GCC_DYNAMIC_NO_PIC = NO;
				GCC_NO_COMMON_BLOCKS = YES;
				GCC_OPTIMIZATION_LEVEL = 0;
				GCC_PREPROCESSOR_DEFINITIONS = (
					"DEBUG=1",
					"$(inherited)",
				);
				GCC_WARN_64_TO_32_BIT_CONVERSION = YES;
				GCC_WARN_ABOUT_RETURN_TYPE = YES_ERROR;
				GCC_WARN_UNDECLARED_SELECTOR = YES;
				GCC_WARN_UNINITIALIZED_AUTOS = YES_AGGRESSIVE;
				GCC_WARN_UNUSED_FUNCTION = YES;
				GCC_WARN_UNUSED_VARIABLE = YES;
				IPHONEOS_DEPLOYMENT_TARGET = 9.2;
				MTL_ENABLE_DEBUG_INFO = YES;
				ONLY_ACTIVE_ARCH = YES;
				SDKROOT = iphoneos;
			};
			name = Debug;
		};
		00CAABAE1C9B1A3C0002DC71 /* Release */ = {
			isa = XCBuildConfiguration;
			buildSettings = {
				ALWAYS_SEARCH_USER_PATHS = NO;
				CLANG_CXX_LANGUAGE_STANDARD = "gnu++0x";
				CLANG_CXX_LIBRARY = "libc++";
				CLANG_ENABLE_MODULES = YES;
				CLANG_ENABLE_OBJC_ARC = YES;
				CLANG_WARN_BOOL_CONVERSION = YES;
				CLANG_WARN_CONSTANT_CONVERSION = YES;
				CLANG_WARN_DIRECT_OBJC_ISA_USAGE = YES_ERROR;
				CLANG_WARN_EMPTY_BODY = YES;
				CLANG_WARN_ENUM_CONVERSION = YES;
				CLANG_WARN_INT_CONVERSION = YES;
				CLANG_WARN_OBJC_ROOT_CLASS = YES_ERROR;
				CLANG_WARN_UNREACHABLE_CODE = YES;
				CLANG_WARN__DUPLICATE_METHOD_MATCH = YES;
				"CODE_SIGN_IDENTITY[sdk=iphoneos*]" = "iPhone Developer";
				COPY_PHASE_STRIP = NO;
				DEBUG_INFORMATION_FORMAT = "dwarf-with-dsym";
				ENABLE_NS_ASSERTIONS = NO;
				ENABLE_STRICT_OBJC_MSGSEND = YES;
				GCC_C_LANGUAGE_STANDARD = gnu99;
				GCC_NO_COMMON_BLOCKS = YES;
				GCC_WARN_64_TO_32_BIT_CONVERSION = YES;
				GCC_WARN_ABOUT_RETURN_TYPE = YES_ERROR;
				GCC_WARN_UNDECLARED_SELECTOR = YES;
				GCC_WARN_UNINITIALIZED_AUTOS = YES_AGGRESSIVE;
				GCC_WARN_UNUSED_FUNCTION = YES;
				GCC_WARN_UNUSED_VARIABLE = YES;
				IPHONEOS_DEPLOYMENT_TARGET = 9.2;
				MTL_ENABLE_DEBUG_INFO = NO;
				SDKROOT = iphoneos;
				VALIDATE_PRODUCT = YES;
			};
			name = Release;
		};
		00CAABB01C9B1A3C0002DC71 /* Debug */ = {
			isa = XCBuildConfiguration;
			buildSettings = {
				ASSETCATALOG_COMPILER_APPICON_NAME = AppIcon;
				INFOPLIST_FILE = UISearchBar/Info.plist;
				LD_RUNPATH_SEARCH_PATHS = "$(inherited) @executable_path/Frameworks";
				PRODUCT_BUNDLE_IDENTIFIER = cn.zuanpay.www.UISearchBar;
				PRODUCT_NAME = "$(TARGET_NAME)";
			};
			name = Debug;
		};
		00CAABB11C9B1A3C0002DC71 /* Release */ = {
			isa = XCBuildConfiguration;
			buildSettings = {
				ASSETCATALOG_COMPILER_APPICON_NAME = AppIcon;
				INFOPLIST_FILE = UISearchBar/Info.plist;
				LD_RUNPATH_SEARCH_PATHS = "$(inherited) @executable_path/Frameworks";
				PRODUCT_BUNDLE_IDENTIFIER = cn.zuanpay.www.UISearchBar;
				PRODUCT_NAME = "$(TARGET_NAME)";
			};
			name = Release;
		};
/* End XCBuildConfiguration section */

/* Begin XCConfigurationList section */
		00CAAB931C9B1A3C0002DC71 /* Build configuration list for PBXProject "UISearchBar" */ = {
			isa = XCConfigurationList;
			buildConfigurations = (
				00CAABAD1C9B1A3C0002DC71 /* Debug */,
				00CAABAE1C9B1A3C0002DC71 /* Release */,
			);
			defaultConfigurationIsVisible = 0;
			defaultConfigurationName = Release;
		};
		00CAABAF1C9B1A3C0002DC71 /* Build configuration list for PBXNativeTarget "UISearchBar" */ = {
			isa = XCConfigurationList;
			buildConfigurations = (
				00CAABB01C9B1A3C0002DC71 /* Debug */,
				00CAABB11C9B1A3C0002DC71 /* Release */,
			);
			defaultConfigurationIsVisible = 0;
		};
/* End XCConfigurationList section */
	};
	rootObject = 00CAAB901C9B1A3C0002DC71 /* Project object */;
}
